
Microsoft Visual Studio Solution File, Format Version 12.00
# Visual Studio 15
VisualStudioVersion = 15.0.28307.1062
MinimumVisualStudioVersion = 10.0.40219.1
Project("{FAE04EC0-301F-11D3-BF4B-00C04F79EFBC}") = "PetKeeper", "PetKeeper\PetKeeper.csproj", "{AFC6D93A-239F-4DAF-B991-341CBF73ED26}"
EndProject
Global
	GlobalSection(SolutionConfigurationPlatforms) = preSolution
		Debug|Any CPU = Debug|Any CPU
		Release|Any CPU = Release|Any CPU
	EndGlobalSection
	GlobalSection(ProjectConfigurationPlatforms) = postSolution
		{AFC6D93A-239F-4DAF-B991-341CBF73ED26}.Debug|Any CPU.ActiveCfg = Debug|Any CPU
		{AFC6D93A-239F-4DAF-B991-341CBF73ED26}.Debug|Any CPU.Build.0 = Debug|Any CPU
		{AFC6D93A-239F-4DAF-B991-341CBF73ED26}.Release|Any CPU.ActiveCfg = Release|Any CPU
		{AFC6D93A-239F-4DAF-B991-341CBF73ED26}.Release|Any CPU.Build.0 = Release|Any CPU
	EndGlobalSection
	GlobalSection(SolutionProperties) = preSolution
		HideSolutionNode = FALSE
	EndGlobalSection
	GlobalSection(ExtensibilityGlobals) = postSolution
		SolutionGuid = {CEE846B9-2245-46B9-A620-E6CD6C3D228C}
	EndGlobalSection
EndGlobal
